{
  "name": "@franlol/opencode-md-table-formatter",
  "version": "0.0.3",
  "lockfileVersion": 3,
  "requires": true,
  "packages": {
    "": {
      "name": "@franlol/opencode-md-table-formatter",
      "version": "0.0.3",
      "license": "MIT",
      "engines": {
        "node": ">=18.0.0"
      },
      "peerDependencies": {
        "@opencode-ai/plugin": ">=0.13.7"
      }
    },
    "node_modules/@opencode-ai/plugin": {
      "version": "1.1.44",
      "resolved": "https://registry.npmjs.org/@opencode-ai/plugin/-/plugin-1.1.44.tgz",
      "integrity": "sha512-5w66Dq2Fugwgr2yrd8obvnlIEjBOuya82UgfR/3z3EzlyNDi2sitQSYbz7CcOtwd89eZ0n/tH/JX2KDGVuzxTQ==",
      "license": "MIT",
      "peer": true,
      "dependencies": {
        "@opencode-ai/sdk": "1.1.44",
        "zod": "4.1.8"
      }
    },
    "node_modules/@opencode-ai/sdk": {
      "version": "1.1.44",
      "resolved": "https://registry.npmjs.org/@opencode-ai/sdk/-/sdk-1.1.44.tgz",
      "integrity": "sha512-coQgtSSCbY46/GY+M5zG0rChiLSJWSjPERRt5L1hbjvDWvErelVV0ILPbd1+3CwJLFTedBYgotby2TcO8U0IfQ==",
      "license": "MIT",
      "peer": true
    },
    "node_modules/zod": {
      "version": "4.1.8",
      "resolved": "https://registry.npmjs.org/zod/-/zod-4.1.8.tgz",
      "integrity": "sha512-5R1P+WwQqmmMIEACyzSvo4JXHY5WiAFHRMg+zBZKgKS+Q1viRa0C1hmUKtHltoIFKtIdki3pRxkmpP74jnNYHQ==",
      "license": "MIT",
      "peer": true,
      "funding": {
        "url": "https://github.com/sponsors/colinhacks"
      }
    }
  }
}
